// !$*UTF8*$!
{
	archiveVersion = 1;
	classes = {
	};
	objectVersion = 50;
	objects = {

/* Begin PBXFileReference section */
		8C1EC39025C064B100704309 /* sobol.py */ = {isa = PBXFileReference; lastKnownFileType = text.script.python; path = sobol.py; sourceTree = "<group>"; };
/* End PBXFileReference section */

/* Begin PBXGroup section */
		8C1EC38925C0647000704309 = {
			isa = PBXGroup;
			children = (
				8C1EC39025C064B100704309 /* sobol.py */,
			);
			sourceTree = "<group>";
		};
/* End PBXGroup section */

/* Begin PBXProject section */
		8C1EC38A25C0647000704309 /* Project object */ = {
			isa = PBXProject;
			attributes = {
				LastUpgradeCheck = 1230;
			};
			buildConfigurationList = 8C1EC38D25C0647000704309 /* Build configuration list for PBXProject "Sobol" */;
			compatibilityVersion = "Xcode 9.3";
			developmentRegion = en;
			hasScannedForEncodings = 0;
			knownRegions = (
				en,
				Base,
			);
			mainGroup = 8C1EC38925C0647000704309;
			projectDirPath = "";
			projectRoot = "";
			targets = (
			);
		};
/* End PBXProject section */

/* Begin XCBuildConfiguration section */
		8C1EC38E25C0647000704309 /* Debug */ = {
			isa = XCBuildConfiguration;
			buildSettings = {
			};
			name = Debug;
		};
		8C1EC38F25C0647000704309 /* Release */ = {
			isa = XCBuildConfiguration;
			buildSettings = {
			};
			name = Release;
		};
/* End XCBuildConfiguration section */

/* Begin XCConfigurationList section */
		8C1EC38D25C0647000704309 /* Build configuration list for PBXProject "Sobol" */ = {
			isa = XCConfigurationList;
			buildConfigurations = (
				8C1EC38E25C0647000704309 /* Debug */,
				8C1EC38F25C0647000704309 /* Release */,
			);
			defaultConfigurationIsVisible = 0;
			defaultConfigurationName = Release;
		};
/* End XCConfigurationList section */
	};
	rootObject = 8C1EC38A25C0647000704309 /* Project object */;
}
